{
  "meteor": {},
  "dependencies": {
    "basePackages": {
      "jquery-ui": {},
      "timesync": {},
      "user-status": {},
      "ogv-threejs": {},
      "analytics": {}
    },
    "packages": {
      "jquery-ui": {
        "git": "https://github.com/TimHeckel/meteor-jquery-ui.git",
        "tag": "v1.9.2",
        "commit": "c437d45edcf1367df8d5ffa8bad2867758030bd2"
      },
      "timesync": {
        "git": "https://github.com/mizzao/meteor-timesync.git",
        "tag": "v0.1.6",
        "commit": "83067433f511bc13a11ae8c87e9a4d331256915e"
      },
      "user-status": {
        "git": "https://github.com/mizzao/meteor-user-status.git",
        "tag": "v0.4.1",
        "commit": "ccca026086e3aa6e44df066c9d5fe4bd412219fc"
      },
      "ogv-threejs": {
        "git": "https://github.com/inderpreetsingh/meteor-threejs-ogv",
        "tag": "v1.0.0",
        "commit": "076295aee895e03c06a931eb56c8493924e10333"
      },
      "analytics": {
        "git": "https://github.com/Tarang/Meteor-Analytics.git",
        "tag": "v0.4.1",
        "commit": "5d646c3422da42671f4a7f040d9e8fad789af1da"
      }
    }
  }
}
